dependencies:
  espressif/onewire_bus:
    dependencies: []
    source:
      path: C:\Users\lavco\OneDrive\Documents\PlatformIO\Projects\ESP32-S3_ESP-IDF_COMPONENTS\components\peripherals
      type: local
    version: '*'
  idf:
    source:
      type: idf
    version: 5.5.0
  k0i05/esp_time_into_interval:
    dependencies:
    - name: idf
      version: '>5.3.0'
    source:
      path: C:\Users\lavco\OneDrive\Documents\PlatformIO\Projects\ESP32-S3_ESP-IDF_COMPONENTS\components\schedule\esp_time_into_interval
      type: local
    version: 1.2.7
  k0i05/esp_type_utils:
    dependencies: []
    source:
      path: C:\Users\lavco\OneDrive\Documents\PlatformIO\Projects\ESP32-S3_ESP-IDF_COMPONENTS\components\peripherals
      type: local
    version: '*'
direct_dependencies:
- espressif/onewire_bus
- idf
- k0i05/esp_time_into_interval
- k0i05/esp_type_utils
manifest_hash: 1b96e1e57ecf589654e0dbab15bc2c5aee9908b9b6c911f55912f559681483d3
target: esp32s3
version: 2.0.0
