dependencies:
  espressif/onewire_bus:
    component_hash: null
    source:
      path: C:\Users\lavco\OneDrive\Documents\PlatformIO\Projects\ESP32-S3_ESP-IDF_COMPONENTS\components\peripherals
      type: local
    version: '*'
  idf:
    component_hash: null
    source:
      type: idf
    version: 5.4.0
  k0i05/esp_time_into_interval:
    component_hash: null
    source:
      path: C:\Users\lavco\OneDrive\Documents\PlatformIO\Projects\ESP32-S3_ESP-IDF_COMPONENTS\components\schedule\esp_time_into_interval
      type: local
    version: 1.2.6
  k0i05/esp_type_utils:
    component_hash: null
    source:
      path: C:\Users\lavco\OneDrive\Documents\PlatformIO\Projects\ESP32-S3_ESP-IDF_COMPONENTS\components\peripherals
      type: local
    version: '*'
manifest_hash: a9cfa821aa0c8796ab445b9bb8567e45101b6184268867b5cc117f2d2ccb67a6
target: esp32s3
version: 1.0.0
